
Microsoft Visual Studio Solution File, Format Version 12.00
# Visual Studio Version 17
VisualStudioVersion = 17.8.34330.188
MinimumVisualStudioVersion = 10.0.40219.1
Project("{FAE04EC0-301F-11D3-BF4B-00C04F79EFBC}") = "TestProject", "TestProject\TestProject.csproj", "{F5BE8806-5226-4DA3-AD06-3ABB11D3C27C}"
EndProject
Global
	GlobalSection(SolutionConfigurationPlatforms) = preSolution
		Debug|Any CPU = Debug|Any CPU
		Release|Any CPU = Release|Any CPU
	EndGlobalSection
	GlobalSection(ProjectConfigurationPlatforms) = postSolution
		{F5BE8806-5226-4DA3-AD06-3ABB11D3C27C}.Debug|Any CPU.ActiveCfg = Debug|Any CPU
		{F5BE8806-5226-4DA3-AD06-3ABB11D3C27C}.Debug|Any CPU.Build.0 = Debug|Any CPU
		{F5BE8806-5226-4DA3-AD06-3ABB11D3C27C}.Release|Any CPU.ActiveCfg = Release|Any CPU
		{F5BE8806-5226-4DA3-AD06-3ABB11D3C27C}.Release|Any CPU.Build.0 = Release|Any CPU
	EndGlobalSection
	GlobalSection(SolutionProperties) = preSolution
		HideSolutionNode = FALSE
	EndGlobalSection
	GlobalSection(ExtensibilityGlobals) = postSolution
		SolutionGuid = {132D86FD-F5E9-4CB6-BC16-E51B10E1199E}
	EndGlobalSection
EndGlobal
